{
  "version": 4,
  "terraform_version": "1.14.4",
  "serial": 47,
  "lineage": "a6bccf31-3355-1627-47c4-605275c2d146",
  "outputs": {},
  "resources": [
    {
      "mode": "data",
      "type": "aws_ecs_task_definition",
      "name": "dsit_litellm",
      "provider": "provider[\"registry.terraform.io/hashicorp/aws\"]",
      "instances": [
        {
          "schema_version": 0,
          "attributes": {
            "arn": "arn:aws:ecs:eu-west-2:072136646002:task-definition/dsit-litellm:11",
            "arn_without_revision": "arn:aws:ecs:eu-west-2:072136646002:task-definition/dsit-litellm",
            "container_definitions": "[{\"environment\":[{\"name\":\"AWS_REGION\",\"value\":\"eu-west-2\"},{\"name\":\"DATABASE_URL\",\"value\":\"postgresql://postgres:litellm2026@dsit-litellm-rds-pg-prod.cluster-ctoyqi6iq1qs.eu-west-2.rds.amazonaws.com:5432/litellm\"},{\"name\":\"LITELLM_MASTER_KEY\",\"value\":\"sk-1234\"},{\"name\":\"STORE_MODEL_IN_DB\",\"value\":\"True\"},{\"name\":\"UI_PASSWORD\",\"value\":\"litellm_admin_2024\"},{\"name\":\"UI_USERNAME\",\"value\":\"admin\"}],\"environmentFiles\":[],\"essential\":true,\"image\":\"072136646002.dkr.ecr.eu-west-2.amazonaws.com/litellm@sha256:6fc76cd6cadd32f51c4a054e892766b093b8463e1a060c3d97c231b50e35e158\",\"logConfiguration\":{\"logDriver\":\"awslogs\",\"options\":{\"awslogs-create-group\":\"true\",\"awslogs-region\":\"eu-west-2\",\"awslogs-stream-prefix\":\"ecs\",\"awslogs-group\":\"/ecs/\"},\"secretOptions\":[]},\"mountPoints\":[],\"name\":\"LIteLLM\",\"portMappings\":[{\"appProtocol\":\"http\",\"containerPort\":4000,\"hostPort\":4000,\"name\":\"litellm-4000-tcp\",\"protocol\":\"tcp\"}],\"systemControls\":[],\"ulimits\":[],\"volumesFrom\":[]}]",
            "cpu": "1024",
            "enable_fault_injection": false,
            "ephemeral_storage": [],
            "execution_role_arn": "arn:aws:iam::072136646002:role/dsit-task-execution-role",
            "family": "dsit-litellm",
            "id": "arn:aws:ecs:eu-west-2:072136646002:task-definition/dsit-litellm:11",
            "inference_accelerator": [],
            "ipc_mode": "",
            "memory": "3072",
            "network_mode": "awsvpc",
            "pid_mode": "",
            "placement_constraints": [],
            "proxy_configuration": [],
            "requires_compatibilities": [
              "FARGATE"
            ],
            "revision": 11,
            "runtime_platform": [
              {
                "cpu_architecture": "X86_64",
                "operating_system_family": "LINUX"
              }
            ],
            "status": "ACTIVE",
            "task_definition": "dsit-litellm:11",
            "task_role_arn": "arn:aws:iam::072136646002:role/dsit-litellm-fg-bedrock-role",
            "volume": []
          },
          "sensitive_attributes": [],
          "identity_schema_version": 0
        }
      ]
    },
    {
      "mode": "managed",
      "type": "aws_db_subnet_group",
      "name": "dsit-litellm-rds-pg-subnetgrp",
      "provider": "provider[\"registry.terraform.io/hashicorp/aws\"]",
      "instances": [
        {
          "schema_version": 0,
          "attributes": {
            "arn": "arn:aws:rds:eu-west-2:072136646002:subgrp:dsit-litellm-rds-pg-subnetgrp",
            "description": "The RDS Aurora Subnet Group that references the Database subnets in eu-west-2s and eu-wes-2b",
            "id": "dsit-litellm-rds-pg-subnetgrp",
            "name": "dsit-litellm-rds-pg-subnetgrp",
            "name_prefix": "",
            "subnet_ids": [
              "subnet-052358aaa1ec9d954",
              "subnet-0c8c3706a833bcb6f"
            ],
            "supported_network_types": [
              "IPV4"
            ],
            "tags": {},
            "tags_all": {},
            "vpc_id": "vpc-0b5fd89b4223abdc9"
          },
          "sensitive_attributes": [],
          "identity_schema_version": 0,
          "private": "eyJzY2hlbWFfdmVyc2lvbiI6IjAifQ=="
        }
      ]
    },
    {
      "mode": "managed",
      "type": "aws_ecr_repository",
      "name": "litellm",
      "provider": "provider[\"registry.terraform.io/hashicorp/aws\"]",
      "instances": [
        {
          "schema_version": 0,
          "attributes": {
            "arn": "arn:aws:ecr:eu-west-2:072136646002:repository/litellm",
            "encryption_configuration": [
              {
                "encryption_type": "AES256",
                "kms_key": ""
              }
            ],
            "force_delete": null,
            "id": "litellm",
            "image_scanning_configuration": [
              {
                "scan_on_push": true
              }
            ],
            "image_tag_mutability": "MUTABLE",
            "name": "litellm",
            "registry_id": "072136646002",
            "repository_url": "072136646002.dkr.ecr.eu-west-2.amazonaws.com/litellm",
            "tags": {},
            "tags_all": {},
            "timeouts": null
          },
          "sensitive_attributes": [],
          "identity_schema_version": 0,
          "private": "eyJlMmJmYjczMC1lY2FhLTExZTYtOGY4OC0zNDM2M2JjN2M0YzAiOnsiZGVsZXRlIjoxMjAwMDAwMDAwMDAwfSwic2NoZW1hX3ZlcnNpb24iOiIwIn0="
        }
      ]
    },
    {
      "mode": "managed",
      "type": "aws_ecs_cluster",
      "name": "dsit-llmlite-gateway-main-cluster-fg",
      "provider": "provider[\"registry.terraform.io/hashicorp/aws\"]",
      "instances": [
        {
          "schema_version": 0,
          "attributes": {
            "arn": "arn:aws:ecs:eu-west-2:072136646002:cluster/dsit-llmlite-gateway-main-cluster-fg",
            "configuration": [
              {
                "execute_command_configuration": [
                  {
                    "kms_key_id": "",
                    "log_configuration": [],
                    "logging": "DEFAULT"
                  }
                ],
                "managed_storage_configuration": []
              }
            ],
            "id": "arn:aws:ecs:eu-west-2:072136646002:cluster/dsit-llmlite-gateway-main-cluster-fg",
            "name": "dsit-llmlite-gateway-main-cluster-fg",
            "service_connect_defaults": [],
            "setting": [
              {
                "name": "containerInsights",
                "value": "disabled"
              }
            ],
            "tags": {
              "Name": "dsit-llmlite-gateway-main-cluster-fg"
            },
            "tags_all": {
              "Name": "dsit-llmlite-gateway-main-cluster-fg"
            }
          },
          "sensitive_attributes": [],
          "identity_schema_version": 0,
          "private": "eyJzY2hlbWFfdmVyc2lvbiI6IjAifQ=="
        }
      ]
    },
    {
      "mode": "managed",
      "type": "aws_ecs_service",
      "name": "dsit-llmlite-gateway-main-cluster-fg",
      "provider": "provider[\"registry.terraform.io/hashicorp/aws\"]",
      "instances": [
        {
          "schema_version": 1,
          "attributes": {
            "alarms": [],
            "availability_zone_rebalancing": "ENABLED",
            "capacity_provider_strategy": [
              {
                "base": 0,
                "capacity_provider": "FARGATE",
                "weight": 1
              }
            ],
            "cluster": "arn:aws:ecs:eu-west-2:072136646002:cluster/dsit-llmlite-gateway-main-cluster-fg",
            "deployment_circuit_breaker": [
              {
                "enable": true,
                "rollback": true
              }
            ],
            "deployment_controller": [
              {
                "type": "ECS"
              }
            ],
            "deployment_maximum_percent": 200,
            "deployment_minimum_healthy_percent": 100,
            "desired_count": 1,
            "enable_ecs_managed_tags": true,
            "enable_execute_command": true,
            "force_delete": null,
            "force_new_deployment": null,
            "health_check_grace_period_seconds": 0,
            "iam_role": "/aws-service-role/ecs.amazonaws.com/AWSServiceRoleForECS",
            "id": "arn:aws:ecs:eu-west-2:072136646002:service/dsit-llmlite-gateway-main-cluster-fg/litellm",
            "launch_type": "",
            "load_balancer": [
              {
                "container_name": "LIteLLM",
                "container_port": 4000,
                "elb_name": "",
                "target_group_arn": "arn:aws:elasticloadbalancing:eu-west-2:072136646002:targetgroup/dsit-litellm-tg-4000/7843fa0003556ddc"
              }
            ],
            "name": "litellm",
            "network_configuration": [
              {
                "assign_public_ip": true,
                "security_groups": [
                  "sg-07a7dea82a134b0c8"
                ],
                "subnets": [
                  "subnet-0b9b1a86f2bd6f921",
                  "subnet-0e8e7db9f4c2f4619"
                ]
              }
            ],
            "ordered_placement_strategy": [],
            "placement_constraints": [],
            "platform_version": "1.4.0",
            "propagate_tags": "NONE",
            "scheduling_strategy": "REPLICA",
            "service_connect_configuration": [],
            "service_registries": [],
            "tags": {},
            "tags_all": {},
            "task_definition": "dsit-litellm:11",
            "timeouts": null,
            "triggers": {},
            "volume_configuration": [],
            "vpc_lattice_configurations": [],
            "wait_for_steady_state": null
          },
          "sensitive_attributes": [],
          "identity_schema_version": 0,
          "private": "eyJlMmJmYjczMC1lY2FhLTExZTYtOGY4OC0zNDM2M2JjN2M0YzAiOnsiY3JlYXRlIjoxMjAwMDAwMDAwMDAwLCJkZWxldGUiOjEyMDAwMDAwMDAwMDAsInVwZGF0ZSI6MTIwMDAwMDAwMDAwMH0sInNjaGVtYV92ZXJzaW9uIjoiMSJ9"
        }
      ]
    },
    {
      "mode": "managed",
      "type": "aws_eip",
      "name": "dsit-llmlite-gateway-main-nat-eu-west-2a",
      "provider": "provider[\"registry.terraform.io/hashicorp/aws\"]",
      "instances": [
        {
          "schema_version": 0,
          "attributes": {
            "address": null,
            "allocation_id": "eipalloc-0e95cebf2e5b1baa1",
            "arn": "arn:aws:ec2:eu-west-2:072136646002:elastic-ip/eipalloc-0e95cebf2e5b1baa1",
            "associate_with_private_ip": null,
            "association_id": "eipassoc-063e2f1a2b32fd03c",
            "carrier_ip": "",
            "customer_owned_ip": "",
            "customer_owned_ipv4_pool": "",
            "domain": "vpc",
            "id": "eipalloc-0e95cebf2e5b1baa1",
            "instance": "",
            "ipam_pool_id": null,
            "network_border_group": "eu-west-2",
            "network_interface": "",
            "private_dns": "ip-18-175-107-182.eu-west-2.compute.internal",
            "private_ip": "18.175.107.182",
            "ptr_record": "",
            "public_dns": "ec2-18-175-107-182.eu-west-2.compute.amazonaws.com",
            "public_ip": "18.175.107.182",
            "public_ipv4_pool": "amazon",
            "tags": {},
            "tags_all": {},
            "timeouts": null,
            "vpc": true
          },
          "sensitive_attributes": [],
          "identity_schema_version": 0,
          "private": "eyJlMmJmYjczMC1lY2FhLTExZTYtOGY4OC0zNDM2M2JjN2M0YzAiOnsiZGVsZXRlIjoxODAwMDAwMDAwMDAsInJlYWQiOjkwMDAwMDAwMDAwMCwidXBkYXRlIjozMDAwMDAwMDAwMDB9LCJzY2hlbWFfdmVyc2lvbiI6IjAifQ=="
        }
      ]
    },
    {
      "mode": "managed",
      "type": "aws_eip",
      "name": "dsit-llmlite-gateway-main-nat-eu-west-2b",
      "provider": "provider[\"registry.terraform.io/hashicorp/aws\"]",
      "instances": [
        {
          "schema_version": 0,
          "attributes": {
            "address": null,
            "allocation_id": "eipalloc-0b0bd785601445180",
            "arn": "arn:aws:ec2:eu-west-2:072136646002:elastic-ip/eipalloc-0b0bd785601445180",
            "associate_with_private_ip": null,
            "association_id": "eipassoc-08b7350099ae79ad0",
            "carrier_ip": "",
            "customer_owned_ip": "",
            "customer_owned_ipv4_pool": "",
            "domain": "vpc",
            "id": "eipalloc-0b0bd785601445180",
            "instance": "",
            "ipam_pool_id": null,
            "network_border_group": "eu-west-2",
            "network_interface": "",
            "private_dns": "ip-13-42-207-69.eu-west-2.compute.internal",
            "private_ip": "13.42.207.69",
            "ptr_record": "",
            "public_dns": "ec2-13-42-207-69.eu-west-2.compute.amazonaws.com",
            "public_ip": "13.42.207.69",
            "public_ipv4_pool": "amazon",
            "tags": {},
            "tags_all": {},
            "timeouts": null,
            "vpc": true
          },
          "sensitive_attributes": [],
          "identity_schema_version": 0,
          "private": "eyJlMmJmYjczMC1lY2FhLTExZTYtOGY4OC0zNDM2M2JjN2M0YzAiOnsiZGVsZXRlIjoxODAwMDAwMDAwMDAsInJlYWQiOjkwMDAwMDAwMDAwMCwidXBkYXRlIjozMDAwMDAwMDAwMDB9LCJzY2hlbWFfdmVyc2lvbiI6IjAifQ=="
        }
      ]
    },
    {
      "mode": "managed",
      "type": "aws_internet_gateway",
      "name": "dsit-llmlite-gateway-main-igw",
      "provider": "provider[\"registry.terraform.io/hashicorp/aws\"]",
      "instances": [
        {
          "schema_version": 0,
          "attributes": {
            "arn": "arn:aws:ec2:eu-west-2:072136646002:internet-gateway/igw-072726bf27f2c7493",
            "id": "igw-072726bf27f2c7493",
            "owner_id": "072136646002",
            "tags": {
              "Name": "dsit-llmlite-gateway-main-igw"
            },
            "tags_all": {
              "Name": "dsit-llmlite-gateway-main-igw"
            },
            "timeouts": null,
            "vpc_id": "vpc-0b5fd89b4223abdc9"
          },
          "sensitive_attributes": [],
          "identity_schema_version": 0,
          "private": "eyJlMmJmYjczMC1lY2FhLTExZTYtOGY4OC0zNDM2M2JjN2M0YzAiOnsiY3JlYXRlIjoxMjAwMDAwMDAwMDAwLCJkZWxldGUiOjEyMDAwMDAwMDAwMDAsInVwZGF0ZSI6MTIwMDAwMDAwMDAwMH0sInNjaGVtYV92ZXJzaW9uIjoiMCJ9"
        }
      ]
    },
    {
      "mode": "managed",
      "type": "aws_lb",
      "name": "dsit-llmlite-gateway-main-alb",
      "provider": "provider[\"registry.terraform.io/hashicorp/aws\"]",
      "instances": [
        {
          "schema_version": 0,
          "attributes": {
            "access_logs": [
              {
                "bucket": "",
                "enabled": false,
                "prefix": ""
              }
            ],
            "arn": "arn:aws:elasticloadbalancing:eu-west-2:072136646002:loadbalancer/app/dsit-llmlite-gateway-main-alb/8fde777daec3f125",
            "arn_suffix": "app/dsit-llmlite-gateway-main-alb/8fde777daec3f125",
            "client_keep_alive": 3600,
            "connection_logs": [
              {
                "bucket": "",
                "enabled": false,
                "prefix": ""
              }
            ],
            "customer_owned_ipv4_pool": "",
            "desync_mitigation_mode": "defensive",
            "dns_name": "dsit-llmlite-gateway-main-alb-1754853727.eu-west-2.elb.amazonaws.com",
            "dns_record_client_routing_policy": null,
            "drop_invalid_header_fields": false,
            "enable_cross_zone_load_balancing": true,
            "enable_deletion_protection": false,
            "enable_http2": true,
            "enable_tls_version_and_cipher_suite_headers": false,
            "enable_waf_fail_open": false,
            "enable_xff_client_port": false,
            "enable_zonal_shift": false,
            "enforce_security_group_inbound_rules_on_private_link_traffic": "",
            "id": "arn:aws:elasticloadbalancing:eu-west-2:072136646002:loadbalancer/app/dsit-llmlite-gateway-main-alb/8fde777daec3f125",
            "idle_timeout": 60,
            "internal": false,
            "ip_address_type": "ipv4",
            "ipam_pools": [],
            "load_balancer_type": "application",
            "minimum_load_balancer_capacity": [],
            "name": "dsit-llmlite-gateway-main-alb",
            "name_prefix": "",
            "preserve_host_header": false,
            "security_groups": [
              "sg-0d57a68abe5cdaba4"
            ],
            "subnet_mapping": [
              {
                "allocation_id": "",
                "ipv6_address": "",
                "outpost_id": "",
                "private_ipv4_address": "",
                "subnet_id": "subnet-0310f584f58ff14b6"
              },
              {
                "allocation_id": "",
                "ipv6_address": "",
                "outpost_id": "",
                "private_ipv4_address": "",
                "subnet_id": "subnet-08ea423079f9d34de"
              }
            ],
            "subnets": [
              "subnet-0310f584f58ff14b6",
              "subnet-08ea423079f9d34de"
            ],
            "tags": {},
            "tags_all": {},
            "timeouts": null,
            "vpc_id": "vpc-0b5fd89b4223abdc9",
            "xff_header_processing_mode": "append",
            "zone_id": "ZHURV8PSTC4K8"
          },
          "sensitive_attributes": [],
          "identity_schema_version": 0,
          "private": "eyJlMmJmYjczMC1lY2FhLTExZTYtOGY4OC0zNDM2M2JjN2M0YzAiOnsiY3JlYXRlIjo2MDAwMDAwMDAwMDAsImRlbGV0ZSI6NjAwMDAwMDAwMDAwLCJ1cGRhdGUiOjYwMDAwMDAwMDAwMH0sInNjaGVtYV92ZXJzaW9uIjoiMCJ9"
        }
      ]
    },
    {
      "mode": "managed",
      "type": "aws_lb_target_group",
      "name": "dsit-litellm-tg-4000",
      "provider": "provider[\"registry.terraform.io/hashicorp/aws\"]",
      "instances": [
        {
          "schema_version": 0,
          "attributes": {
            "arn": "arn:aws:elasticloadbalancing:eu-west-2:072136646002:targetgroup/dsit-litellm-tg-4000/7843fa0003556ddc",
            "arn_suffix": "targetgroup/dsit-litellm-tg-4000/7843fa0003556ddc",
            "connection_termination": null,
            "deregistration_delay": "300",
            "health_check": [
              {
                "enabled": true,
                "healthy_threshold": 5,
                "interval": 30,
                "matcher": "200",
                "path": "/health/liveliness",
                "port": "traffic-port",
                "protocol": "HTTP",
                "timeout": 5,
                "unhealthy_threshold": 2
              }
            ],
            "id": "arn:aws:elasticloadbalancing:eu-west-2:072136646002:targetgroup/dsit-litellm-tg-4000/7843fa0003556ddc",
            "ip_address_type": "ipv4",
            "lambda_multi_value_headers_enabled": null,
            "load_balancer_arns": [
              "arn:aws:elasticloadbalancing:eu-west-2:072136646002:loadbalancer/app/dsit-llmlite-gateway-main-alb/8fde777daec3f125"
            ],
            "load_balancing_algorithm_type": "round_robin",
            "load_balancing_anomaly_mitigation": "off",
            "load_balancing_cross_zone_enabled": "use_load_balancer_configuration",
            "name": "dsit-litellm-tg-4000",
            "name_prefix": "",
            "port": 4000,
            "preserve_client_ip": null,
            "protocol": "HTTP",
            "protocol_version": "HTTP1",
            "proxy_protocol_v2": null,
            "slow_start": 0,
            "stickiness": [
              {
                "cookie_duration": 86400,
                "cookie_name": "",
                "enabled": false,
                "type": "lb_cookie"
              }
            ],
            "tags": {},
            "tags_all": {},
            "target_failover": [
              {
                "on_deregistration": null,
                "on_unhealthy": null
              }
            ],
            "target_group_health": [
              {
                "dns_failover": [
                  {
                    "minimum_healthy_targets_count": "1",
                    "minimum_healthy_targets_percentage": "off"
                  }
                ],
                "unhealthy_state_routing": [
                  {
                    "minimum_healthy_targets_count": 1,
                    "minimum_healthy_targets_percentage": "off"
                  }
                ]
              }
            ],
            "target_health_state": [
              {
                "enable_unhealthy_connection_termination": null,
                "unhealthy_draining_interval": null
              }
            ],
            "target_type": "ip",
            "vpc_id": "vpc-0b5fd89b4223abdc9"
          },
          "sensitive_attributes": [],
          "identity_schema_version": 0,
          "private": "eyJzY2hlbWFfdmVyc2lvbiI6IjAifQ=="
        }
      ]
    },
    {
      "mode": "managed",
      "type": "aws_nat_gateway",
      "name": "dsit-llmlite-gateway-main-nat-eu-west-2a",
      "provider": "provider[\"registry.terraform.io/hashicorp/aws\"]",
      "instances": [
        {
          "schema_version": 0,
          "attributes": {
            "allocation_id": null,
            "association_id": null,
            "connectivity_type": "public",
            "id": "nat-1766d32e38494d5e2",
            "network_interface_id": null,
            "private_ip": null,
            "public_ip": null,
            "secondary_allocation_ids": [
              "eipalloc-080bcb13b6e9a379a",
              "eipalloc-0e95cebf2e5b1baa1"
            ],
            "secondary_private_ip_address_count": 0,
            "secondary_private_ip_addresses": [],
            "subnet_id": "",
            "tags": {
              "Name": "dsit-llmlite-gateway-main-nat-eu-west-2a"
            },
            "tags_all": {
              "Name": "dsit-llmlite-gateway-main-nat-eu-west-2a"
            },
            "timeouts": null
          },
          "sensitive_attributes": [],
          "identity_schema_version": 0,
          "private": "eyJlMmJmYjczMC1lY2FhLTExZTYtOGY4OC0zNDM2M2JjN2M0YzAiOnsiY3JlYXRlIjo2MDAwMDAwMDAwMDAsImRlbGV0ZSI6MTgwMDAwMDAwMDAwMCwidXBkYXRlIjo2MDAwMDAwMDAwMDB9LCJzY2hlbWFfdmVyc2lvbiI6IjAifQ=="
        }
      ]
    },
    {
      "mode": "managed",
      "type": "aws_nat_gateway",
      "name": "dsit-llmlite-gateway-main-nat-eu-west-2b",
      "provider": "provider[\"registry.terraform.io/hashicorp/aws\"]",
      "instances": [
        {
          "schema_version": 0,
          "attributes": {
            "allocation_id": null,
            "association_id": null,
            "connectivity_type": "public",
            "id": "nat-1374a32db29b24b93",
            "network_interface_id": null,
            "private_ip": null,
            "public_ip": null,
            "secondary_allocation_ids": [
              "eipalloc-0b0bd785601445180",
              "eipalloc-0e6e93cfd09b860fb"
            ],
            "secondary_private_ip_address_count": 0,
            "secondary_private_ip_addresses": [],
            "subnet_id": "",
            "tags": {
              "Name": "dsit-llmlite-gateway-main-nat-eu-west-2b"
            },
            "tags_all": {
              "Name": "dsit-llmlite-gateway-main-nat-eu-west-2b"
            },
            "timeouts": null
          },
          "sensitive_attributes": [],
          "identity_schema_version": 0,
          "private": "eyJlMmJmYjczMC1lY2FhLTExZTYtOGY4OC0zNDM2M2JjN2M0YzAiOnsiY3JlYXRlIjo2MDAwMDAwMDAwMDAsImRlbGV0ZSI6MTgwMDAwMDAwMDAwMCwidXBkYXRlIjo2MDAwMDAwMDAwMDB9LCJzY2hlbWFfdmVyc2lvbiI6IjAifQ=="
        }
      ]
    },
    {
      "mode": "managed",
      "type": "aws_network_acl",
      "name": "dsit-llmlite-gateway-main-public-nacl",
      "provider": "provider[\"registry.terraform.io/hashicorp/aws\"]",
      "instances": [
        {
          "schema_version": 0,
          "attributes": {
            "arn": "arn:aws:ec2:eu-west-2:072136646002:network-acl/acl-0ec40d6a7707c8c05",
            "egress": [
              {
                "action": "allow",
                "cidr_block": "0.0.0.0/0",
                "from_port": 1024,
                "icmp_code": 0,
                "icmp_type": 0,
                "ipv6_cidr_block": "",
                "protocol": "6",
                "rule_no": 120,
                "to_port": 65535
              },
              {
                "action": "allow",
                "cidr_block": "0.0.0.0/0",
                "from_port": 443,
                "icmp_code": 0,
                "icmp_type": 0,
                "ipv6_cidr_block": "",
                "protocol": "6",
                "rule_no": 110,
                "to_port": 443
              },
              {
                "action": "allow",
                "cidr_block": "0.0.0.0/0",
                "from_port": 80,
                "icmp_code": 0,
                "icmp_type": 0,
                "ipv6_cidr_block": "",
                "protocol": "6",
                "rule_no": 100,
                "to_port": 80
              }
            ],
            "id": "acl-0ec40d6a7707c8c05",
            "ingress": [
              {
                "action": "allow",
                "cidr_block": "0.0.0.0/0",
                "from_port": 1024,
                "icmp_code": 0,
                "icmp_type": 0,
                "ipv6_cidr_block": "",
                "protocol": "6",
                "rule_no": 120,
                "to_port": 65535
              },
              {
                "action": "allow",
                "cidr_block": "0.0.0.0/0",
                "from_port": 443,
                "icmp_code": 0,
                "icmp_type": 0,
                "ipv6_cidr_block": "",
                "protocol": "6",
                "rule_no": 110,
                "to_port": 443
              },
              {
                "action": "allow",
                "cidr_block": "0.0.0.0/0",
                "from_port": 80,
                "icmp_code": 0,
                "icmp_type": 0,
                "ipv6_cidr_block": "",
                "protocol": "6",
                "rule_no": 100,
                "to_port": 80
              }
            ],
            "owner_id": "072136646002",
            "subnet_ids": [
              "subnet-0310f584f58ff14b6",
              "subnet-08ea423079f9d34de"
            ],
            "tags": {
              "Name": "dsit-llmlite-gateway-main-public-nacl"
            },
            "tags_all": {
              "Name": "dsit-llmlite-gateway-main-public-nacl"
            },
            "vpc_id": "vpc-0b5fd89b4223abdc9"
          },
          "sensitive_attributes": [],
          "identity_schema_version": 0,
          "private": "eyJzY2hlbWFfdmVyc2lvbiI6IjAifQ=="
        }
      ]
    },
    {
      "mode": "managed",
      "type": "aws_rds_cluster",
      "name": "dsit-litellm-rds-pg-prod",
      "provider": "provider[\"registry.terraform.io/hashicorp/aws\"]",
      "instances": [
        {
          "schema_version": 1,
          "attributes": {
            "allocated_storage": 1,
            "allow_major_version_upgrade": null,
            "apply_immediately": null,
            "arn": "arn:aws:rds:eu-west-2:072136646002:cluster:dsit-litellm-rds-pg-prod",
            "availability_zones": [
              "eu-west-2a",
              "eu-west-2b",
              "eu-west-2c"
            ],
            "backtrack_window": 0,
            "backup_retention_period": 7,
            "ca_certificate_identifier": null,
            "ca_certificate_valid_till": null,
            "cluster_identifier": "dsit-litellm-rds-pg-prod",
            "cluster_identifier_prefix": "",
            "cluster_members": [
              "dsit-litellm-rds-pg-prod-instance-1",
              "dsit-litellm-rds-pg-prod-instance-1-eu-west-2b"
            ],
            "cluster_resource_id": "cluster-OBWW5573LDKZCS477Y7OM3H25U",
            "cluster_scalability_type": "",
            "copy_tags_to_snapshot": true,
            "database_insights_mode": "standard",
            "database_name": "litellm",
            "db_cluster_instance_class": "",
            "db_cluster_parameter_group_name": "default.aurora-postgresql17",
            "db_instance_parameter_group_name": null,
            "db_subnet_group_name": "dsit-litellm-rds-pg-subnetgrp",
            "db_system_id": "",
            "delete_automated_backups": true,
            "deletion_protection": true,
            "domain": "",
            "domain_iam_role_name": "",
            "enable_global_write_forwarding": false,
            "enable_http_endpoint": true,
            "enable_local_write_forwarding": false,
            "enabled_cloudwatch_logs_exports": [
              "iam-db-auth-error",
              "instance",
              "postgresql"
            ],
            "endpoint": "dsit-litellm-rds-pg-prod.cluster-ctoyqi6iq1qs.eu-west-2.rds.amazonaws.com",
            "engine": "aurora-postgresql",
            "engine_lifecycle_support": "open-source-rds-extended-support-disabled",
            "engine_mode": "provisioned",
            "engine_version": "17.4",
            "engine_version_actual": "17.4",
            "final_snapshot_identifier": null,
            "global_cluster_identifier": "",
            "hosted_zone_id": "Z1TTGA775OQIYO",
            "iam_database_authentication_enabled": false,
            "iam_roles": [],
            "id": "dsit-litellm-rds-pg-prod",
            "iops": 0,
            "kms_key_id": "arn:aws:kms:eu-west-2:072136646002:key/9f948df5-5bfe-41fa-9e23-84ff6001f63c",
            "manage_master_user_password": null,
            "master_password": null,
            "master_password_wo": null,
            "master_password_wo_version": null,
            "master_user_secret": [],
            "master_user_secret_kms_key_id": null,
            "master_username": "postgres",
            "monitoring_interval": 60,
            "monitoring_role_arn": "arn:aws:iam::072136646002:role/rds-monitoring-role",
            "network_type": "IPV4",
            "performance_insights_enabled": null,
            "performance_insights_kms_key_id": "arn:aws:kms:eu-west-2:072136646002:key/9f948df5-5bfe-41fa-9e23-84ff6001f63c",
            "performance_insights_retention_period": 7,
            "port": 5432,
            "preferred_backup_window": "23:43-00:13",
            "preferred_maintenance_window": "wed:03:11-wed:03:41",
            "reader_endpoint": "dsit-litellm-rds-pg-prod.cluster-ro-ctoyqi6iq1qs.eu-west-2.rds.amazonaws.com",
            "replication_source_identifier": "",
            "restore_to_point_in_time": [],
            "s3_import": [],
            "scaling_configuration": [],
            "serverlessv2_scaling_configuration": [
              {
                "max_capacity": 8,
                "min_capacity": 0.5,
                "seconds_until_auto_pause": 0
              }
            ],
            "skip_final_snapshot": true,
            "snapshot_identifier": null,
            "source_region": null,
            "storage_encrypted": true,
            "storage_type": "aurora-iopt1",
            "tags": {},
            "tags_all": {},
            "timeouts": null,
            "vpc_security_group_ids": [
              "sg-042eb3ca28cbe1b1a"
            ]
          },
          "sensitive_attributes": [
            [
              {
                "type": "get_attr",
                "value": "master_password"
              }
            ],
            [
              {
                "type": "get_attr",
                "value": "master_password_wo"
              }
            ]
          ],
          "identity_schema_version": 0,
          "private": "eyJlMmJmYjczMC1lY2FhLTExZTYtOGY4OC0zNDM2M2JjN2M0YzAiOnsiY3JlYXRlIjo3MjAwMDAwMDAwMDAwLCJkZWxldGUiOjcyMDAwMDAwMDAwMDAsInVwZGF0ZSI6NzIwMDAwMDAwMDAwMH0sInNjaGVtYV92ZXJzaW9uIjoiMSJ9"
        }
      ]
    },
    {
      "mode": "managed",
      "type": "aws_rds_cluster_instance",
      "name": "dsit-litellm-rds-pg-prod-instance-1",
      "provider": "provider[\"registry.terraform.io/hashicorp/aws\"]",
      "instances": [
        {
          "schema_version": 0,
          "attributes": {
            "apply_immediately": null,
            "arn": "arn:aws:rds:eu-west-2:072136646002:db:dsit-litellm-rds-pg-prod-instance-1",
            "auto_minor_version_upgrade": true,
            "availability_zone": "eu-west-2a",
            "ca_cert_identifier": "rds-ca-rsa2048-g1",
            "cluster_identifier": "dsit-litellm-rds-pg-prod",
            "copy_tags_to_snapshot": false,
            "custom_iam_instance_profile": "",
            "db_parameter_group_name": "default.aurora-postgresql17",
            "db_subnet_group_name": "dsit-litellm-rds-pg-subnetgrp",
            "dbi_resource_id": "db-QA3SEGZMRJJCWMBV6PTGD46CQA",
            "endpoint": "dsit-litellm-rds-pg-prod-instance-1.ctoyqi6iq1qs.eu-west-2.rds.amazonaws.com",
            "engine": "aurora-postgresql",
            "engine_version": "17.4",
            "engine_version_actual": "17.4",
            "force_destroy": null,
            "id": "dsit-litellm-rds-pg-prod-instance-1",
            "identifier": "dsit-litellm-rds-pg-prod-instance-1",
            "identifier_prefix": "",
            "instance_class": "db.serverless",
            "kms_key_id": "arn:aws:kms:eu-west-2:072136646002:key/9f948df5-5bfe-41fa-9e23-84ff6001f63c",
            "monitoring_interval": 60,
            "monitoring_role_arn": "arn:aws:iam::072136646002:role/rds-monitoring-role",
            "network_type": "IPV4",
            "performance_insights_enabled": null,
            "performance_insights_kms_key_id": "arn:aws:kms:eu-west-2:072136646002:key/9f948df5-5bfe-41fa-9e23-84ff6001f63c",
            "performance_insights_retention_period": 7,
            "port": 5432,
            "preferred_backup_window": "23:43-00:13",
            "preferred_maintenance_window": "sat:22:28-sat:22:58",
            "promotion_tier": 1,
            "publicly_accessible": false,
            "storage_encrypted": true,
            "tags": {},
            "tags_all": {},
            "timeouts": null,
            "writer": true
          },
          "sensitive_attributes": [],
          "identity_schema_version": 0,
          "private": "eyJlMmJmYjczMC1lY2FhLTExZTYtOGY4OC0zNDM2M2JjN2M0YzAiOnsiY3JlYXRlIjo1NDAwMDAwMDAwMDAwLCJkZWxldGUiOjU0MDAwMDAwMDAwMDAsInVwZGF0ZSI6NTQwMDAwMDAwMDAwMH0sInNjaGVtYV92ZXJzaW9uIjoiMCJ9"
        }
      ]
    },
    {
      "mode": "managed",
      "type": "aws_rds_cluster_instance",
      "name": "dsit-litellm-rds-pg-prod-instance-1-eu-west-2b",
      "provider": "provider[\"registry.terraform.io/hashicorp/aws\"]",
      "instances": [
        {
          "schema_version": 0,
          "attributes": {
            "apply_immediately": null,
            "arn": "arn:aws:rds:eu-west-2:072136646002:db:dsit-litellm-rds-pg-prod-instance-1-eu-west-2b",
            "auto_minor_version_upgrade": true,
            "availability_zone": "eu-west-2b",
            "ca_cert_identifier": "rds-ca-rsa2048-g1",
            "cluster_identifier": "dsit-litellm-rds-pg-prod",
            "copy_tags_to_snapshot": false,
            "custom_iam_instance_profile": "",
            "db_parameter_group_name": "default.aurora-postgresql17",
            "db_subnet_group_name": "dsit-litellm-rds-pg-subnetgrp",
            "dbi_resource_id": "db-4TU4YIJC4HFTWC4AIGTQULQ6YU",
            "endpoint": "dsit-litellm-rds-pg-prod-instance-1-eu-west-2b.ctoyqi6iq1qs.eu-west-2.rds.amazonaws.com",
            "engine": "aurora-postgresql",
            "engine_version": "17.4",
            "engine_version_actual": "17.4",
            "force_destroy": null,
            "id": "dsit-litellm-rds-pg-prod-instance-1-eu-west-2b",
            "identifier": "dsit-litellm-rds-pg-prod-instance-1-eu-west-2b",
            "identifier_prefix": "",
            "instance_class": "db.serverless",
            "kms_key_id": "arn:aws:kms:eu-west-2:072136646002:key/9f948df5-5bfe-41fa-9e23-84ff6001f63c",
            "monitoring_interval": 60,
            "monitoring_role_arn": "arn:aws:iam::072136646002:role/rds-monitoring-role",
            "network_type": "IPV4",
            "performance_insights_enabled": null,
            "performance_insights_kms_key_id": "arn:aws:kms:eu-west-2:072136646002:key/9f948df5-5bfe-41fa-9e23-84ff6001f63c",
            "performance_insights_retention_period": 7,
            "port": 5432,
            "preferred_backup_window": "23:43-00:13",
            "preferred_maintenance_window": "sat:02:56-sat:03:26",
            "promotion_tier": 1,
            "publicly_accessible": false,
            "storage_encrypted": true,
            "tags": {},
            "tags_all": {},
            "timeouts": null,
            "writer": false
          },
          "sensitive_attributes": [],
          "identity_schema_version": 0,
          "private": "eyJlMmJmYjczMC1lY2FhLTExZTYtOGY4OC0zNDM2M2JjN2M0YzAiOnsiY3JlYXRlIjo1NDAwMDAwMDAwMDAwLCJkZWxldGUiOjU0MDAwMDAwMDAwMDAsInVwZGF0ZSI6NTQwMDAwMDAwMDAwMH0sInNjaGVtYV92ZXJzaW9uIjoiMCJ9"
        }
      ]
    },
    {
      "mode": "managed",
      "type": "aws_route_table",
      "name": "dsit-llmlite-gateway-main-private-rt-2a",
      "provider": "provider[\"registry.terraform.io/hashicorp/aws\"]",
      "instances": [
        {
          "schema_version": 0,
          "attributes": {
            "arn": "arn:aws:ec2:eu-west-2:072136646002:route-table/rtb-01741c1b4cfae92c7",
            "id": "rtb-01741c1b4cfae92c7",
            "owner_id": "072136646002",
            "propagating_vgws": [],
            "route": [
              {
                "carrier_gateway_id": "",
                "cidr_block": "0.0.0.0/0",
                "core_network_arn": "",
                "destination_prefix_list_id": "",
                "egress_only_gateway_id": "",
                "gateway_id": "",
                "ipv6_cidr_block": "",
                "local_gateway_id": "",
                "nat_gateway_id": "nat-1766d32e38494d5e2",
                "network_interface_id": "",
                "transit_gateway_id": "",
                "vpc_endpoint_id": "",
                "vpc_peering_connection_id": ""
              }
            ],
            "tags": {
              "Name": "dsit-llmlite-gateway-main-private-rt-2a"
            },
            "tags_all": {
              "Name": "dsit-llmlite-gateway-main-private-rt-2a"
            },
            "timeouts": null,
            "vpc_id": "vpc-0b5fd89b4223abdc9"
          },
          "sensitive_attributes": [],
          "identity_schema_version": 0,
          "private": "eyJlMmJmYjczMC1lY2FhLTExZTYtOGY4OC0zNDM2M2JjN2M0YzAiOnsiY3JlYXRlIjozMDAwMDAwMDAwMDAsImRlbGV0ZSI6MzAwMDAwMDAwMDAwLCJ1cGRhdGUiOjEyMDAwMDAwMDAwMH0sInNjaGVtYV92ZXJzaW9uIjoiMCJ9"
        }
      ]
    },
    {
      "mode": "managed",
      "type": "aws_route_table",
      "name": "dsit-llmlite-gateway-main-private-rt-2b",
      "provider": "provider[\"registry.terraform.io/hashicorp/aws\"]",
      "instances": [
        {
          "schema_version": 0,
          "attributes": {
            "arn": "arn:aws:ec2:eu-west-2:072136646002:route-table/rtb-068d6b7b95412ca2b",
            "id": "rtb-068d6b7b95412ca2b",
            "owner_id": "072136646002",
            "propagating_vgws": [],
            "route": [
              {
                "carrier_gateway_id": "",
                "cidr_block": "0.0.0.0/0",
                "core_network_arn": "",
                "destination_prefix_list_id": "",
                "egress_only_gateway_id": "",
                "gateway_id": "",
                "ipv6_cidr_block": "",
                "local_gateway_id": "",
                "nat_gateway_id": "nat-1374a32db29b24b93",
                "network_interface_id": "",
                "transit_gateway_id": "",
                "vpc_endpoint_id": "",
                "vpc_peering_connection_id": ""
              }
            ],
            "tags": {
              "Name": "dsit-llmlite-gateway-main-private-rt-2b"
            },
            "tags_all": {
              "Name": "dsit-llmlite-gateway-main-private-rt-2b"
            },
            "timeouts": null,
            "vpc_id": "vpc-0b5fd89b4223abdc9"
          },
          "sensitive_attributes": [],
          "identity_schema_version": 0,
          "private": "eyJlMmJmYjczMC1lY2FhLTExZTYtOGY4OC0zNDM2M2JjN2M0YzAiOnsiY3JlYXRlIjozMDAwMDAwMDAwMDAsImRlbGV0ZSI6MzAwMDAwMDAwMDAwLCJ1cGRhdGUiOjEyMDAwMDAwMDAwMH0sInNjaGVtYV92ZXJzaW9uIjoiMCJ9"
        }
      ]
    },
    {
      "mode": "managed",
      "type": "aws_route_table",
      "name": "dsit-llmlite-gateway-main-route-table",
      "provider": "provider[\"registry.terraform.io/hashicorp/aws\"]",
      "instances": [
        {
          "schema_version": 0,
          "attributes": {
            "arn": "arn:aws:ec2:eu-west-2:072136646002:route-table/rtb-06335f764ef3fbfe6",
            "id": "rtb-06335f764ef3fbfe6",
            "owner_id": "072136646002",
            "propagating_vgws": [],
            "route": [
              {
                "carrier_gateway_id": "",
                "cidr_block": "0.0.0.0/0",
                "core_network_arn": "",
                "destination_prefix_list_id": "",
                "egress_only_gateway_id": "",
                "gateway_id": "igw-072726bf27f2c7493",
                "ipv6_cidr_block": "",
                "local_gateway_id": "",
                "nat_gateway_id": "",
                "network_interface_id": "",
                "transit_gateway_id": "",
                "vpc_endpoint_id": "",
                "vpc_peering_connection_id": ""
              }
            ],
            "tags": {
              "Name": "dsit-llmlite-gateway-main-route-table"
            },
            "tags_all": {
              "Name": "dsit-llmlite-gateway-main-route-table"
            },
            "timeouts": null,
            "vpc_id": "vpc-0b5fd89b4223abdc9"
          },
          "sensitive_attributes": [],
          "identity_schema_version": 0,
          "private": "eyJlMmJmYjczMC1lY2FhLTExZTYtOGY4OC0zNDM2M2JjN2M0YzAiOnsiY3JlYXRlIjozMDAwMDAwMDAwMDAsImRlbGV0ZSI6MzAwMDAwMDAwMDAwLCJ1cGRhdGUiOjEyMDAwMDAwMDAwMH0sInNjaGVtYV92ZXJzaW9uIjoiMCJ9"
        }
      ]
    },
    {
      "mode": "managed",
      "type": "aws_route_table_association",
      "name": "dsit-llmlite-gateway-main-private-rt-2a",
      "provider": "provider[\"registry.terraform.io/hashicorp/aws\"]",
      "instances": [
        {
          "schema_version": 0,
          "attributes": {
            "gateway_id": "",
            "id": "rtbassoc-0b5929d92e4355001",
            "route_table_id": "rtb-01741c1b4cfae92c7",
            "subnet_id": "subnet-0e8e7db9f4c2f4619",
            "timeouts": null
          },
          "sensitive_attributes": [],
          "identity_schema_version": 0,
          "private": "eyJlMmJmYjczMC1lY2FhLTExZTYtOGY4OC0zNDM2M2JjN2M0YzAiOnsiY3JlYXRlIjozMDAwMDAwMDAwMDAsImRlbGV0ZSI6MzAwMDAwMDAwMDAwLCJ1cGRhdGUiOjEyMDAwMDAwMDAwMH0sInNjaGVtYV92ZXJzaW9uIjoiMCJ9"
        }
      ]
    },
    {
      "mode": "managed",
      "type": "aws_route_table_association",
      "name": "dsit-llmlite-gateway-main-private-rt-2b",
      "provider": "provider[\"registry.terraform.io/hashicorp/aws\"]",
      "instances": [
        {
          "schema_version": 0,
          "attributes": {
            "gateway_id": "",
            "id": "rtbassoc-084727befc2be470f",
            "route_table_id": "rtb-068d6b7b95412ca2b",
            "subnet_id": "subnet-0b9b1a86f2bd6f921",
            "timeouts": null
          },
          "sensitive_attributes": [],
          "identity_schema_version": 0,
          "private": "eyJlMmJmYjczMC1lY2FhLTExZTYtOGY4OC0zNDM2M2JjN2M0YzAiOnsiY3JlYXRlIjozMDAwMDAwMDAwMDAsImRlbGV0ZSI6MzAwMDAwMDAwMDAwLCJ1cGRhdGUiOjEyMDAwMDAwMDAwMH0sInNjaGVtYV92ZXJzaW9uIjoiMCJ9"
        }
      ]
    },
    {
      "mode": "managed",
      "type": "aws_route_table_association",
      "name": "dsit-llmlite-gateway-main-route-table",
      "provider": "provider[\"registry.terraform.io/hashicorp/aws\"]",
      "instances": [
        {
          "schema_version": 0,
          "attributes": {
            "gateway_id": "",
            "id": "rtbassoc-0cc613e999fce4df9",
            "route_table_id": "rtb-06335f764ef3fbfe6",
            "subnet_id": "subnet-0310f584f58ff14b6",
            "timeouts": null
          },
          "sensitive_attributes": [],
          "identity_schema_version": 0,
          "private": "eyJlMmJmYjczMC1lY2FhLTExZTYtOGY4OC0zNDM2M2JjN2M0YzAiOnsiY3JlYXRlIjozMDAwMDAwMDAwMDAsImRlbGV0ZSI6MzAwMDAwMDAwMDAwLCJ1cGRhdGUiOjEyMDAwMDAwMDAwMH0sInNjaGVtYV92ZXJzaW9uIjoiMCJ9"
        }
      ]
    },
    {
      "mode": "managed",
      "type": "aws_s3_bucket",
      "name": "config-bucket-072136646002",
      "provider": "provider[\"registry.terraform.io/hashicorp/aws\"]",
      "instances": [
        {
          "schema_version": 0,
          "attributes": {
            "acceleration_status": "",
            "acl": null,
            "arn": "arn:aws:s3:::config-bucket-072136646002",
            "bucket": "config-bucket-072136646002",
            "bucket_domain_name": "config-bucket-072136646002.s3.amazonaws.com",
            "bucket_prefix": "",
            "bucket_regional_domain_name": "config-bucket-072136646002.s3.eu-west-2.amazonaws.com",
            "cors_rule": [],
            "force_destroy": null,
            "grant": [
              {
                "id": "4196fd920c777d1f613f369196f7b4ad8d95bc63c7fcffcc882b6e524a57b465",
                "permissions": [
                  "FULL_CONTROL"
                ],
                "type": "CanonicalUser",
                "uri": ""
              }
            ],
            "hosted_zone_id": "Z3GKZC51ZF0DB4",
            "id": "config-bucket-072136646002",
            "lifecycle_rule": [],
            "logging": [],
            "object_lock_configuration": [],
            "object_lock_enabled": false,
            "policy": "{\"Statement\":[{\"Action\":\"s3:GetBucketAcl\",\"Condition\":{\"StringEquals\":{\"AWS:SourceAccount\":\"072136646002\"}},\"Effect\":\"Allow\",\"Principal\":{\"Service\":\"config.amazonaws.com\"},\"Resource\":\"arn:aws:s3:::config-bucket-072136646002\",\"Sid\":\"AWSConfigBucketPermissionsCheck\"},{\"Action\":\"s3:ListBucket\",\"Condition\":{\"StringEquals\":{\"AWS:SourceAccount\":\"072136646002\"}},\"Effect\":\"Allow\",\"Principal\":{\"Service\":\"config.amazonaws.com\"},\"Resource\":\"arn:aws:s3:::config-bucket-072136646002\",\"Sid\":\"AWSConfigBucketExistenceCheck\"},{\"Action\":\"s3:PutObject\",\"Condition\":{\"StringEquals\":{\"AWS:SourceAccount\":\"072136646002\",\"s3:x-amz-acl\":\"bucket-owner-full-control\"}},\"Effect\":\"Allow\",\"Principal\":{\"Service\":\"config.amazonaws.com\"},\"Resource\":\"arn:aws:s3:::config-bucket-072136646002/AWSLogs/072136646002/Config/*\",\"Sid\":\"AWSConfigBucketDelivery\"}],\"Version\":\"2012-10-17\"}",
            "region": "eu-west-2",
            "replication_configuration": [],
            "request_payer": "BucketOwner",
            "server_side_encryption_configuration": [
              {
                "rule": [
                  {
                    "apply_server_side_encryption_by_default": [
                      {
                        "kms_master_key_id": "",
                        "sse_algorithm": "AES256"
                      }
                    ],
                    "bucket_key_enabled": false
                  }
                ]
              }
            ],
            "tags": {},
            "tags_all": {},
            "timeouts": null,
            "versioning": [
              {
                "enabled": false,
                "mfa_delete": false
              }
            ],
            "website": [],
            "website_domain": null,
            "website_endpoint": null
          },
          "sensitive_attributes": [],
          "identity_schema_version": 0,
          "private": "eyJlMmJmYjczMC1lY2FhLTExZTYtOGY4OC0zNDM2M2JjN2M0YzAiOnsiY3JlYXRlIjoxMjAwMDAwMDAwMDAwLCJkZWxldGUiOjM2MDAwMDAwMDAwMDAsInJlYWQiOjEyMDAwMDAwMDAwMDAsInVwZGF0ZSI6MTIwMDAwMDAwMDAwMH0sInNjaGVtYV92ZXJzaW9uIjoiMCJ9"
        }
      ]
    },
    {
      "mode": "managed",
      "type": "aws_security_group",
      "name": "dsit-llmlite-gateway-main-alb-sg",
      "provider": "provider[\"registry.terraform.io/hashicorp/aws\"]",
      "instances": [
        {
          "schema_version": 1,
          "attributes": {
            "arn": "arn:aws:ec2:eu-west-2:072136646002:security-group/sg-0d57a68abe5cdaba4",
            "description": "Security group for dsit-llmlite-gateway-main ALB",
            "egress": [
              {
                "cidr_blocks": [],
                "description": "",
                "from_port": 0,
                "ipv6_cidr_blocks": [],
                "prefix_list_ids": [],
                "protocol": "-1",
                "security_groups": [
                  "sg-07a7dea82a134b0c8"
                ],
                "self": false,
                "to_port": 0
              }
            ],
            "id": "sg-0d57a68abe5cdaba4",
            "ingress": [
              {
                "cidr_blocks": [
                  "0.0.0.0/0"
                ],
                "description": "Allow HTTP from the Internet",
                "from_port": 80,
                "ipv6_cidr_blocks": [],
                "prefix_list_ids": [],
                "protocol": "tcp",
                "security_groups": [],
                "self": false,
                "to_port": 80
              },
              {
                "cidr_blocks": [
                  "0.0.0.0/0"
                ],
                "description": "Allow HTTPS from the Internet",
                "from_port": 443,
                "ipv6_cidr_blocks": [],
                "prefix_list_ids": [],
                "protocol": "tcp",
                "security_groups": [],
                "self": false,
                "to_port": 443
              }
            ],
            "name": "dsit-llmlite-gateway-main-alb-sg",
            "name_prefix": "",
            "owner_id": "072136646002",
            "revoke_rules_on_delete": null,
            "tags": {
              "Component": "load-balancer",
              "Envirronment": "main",
              "Name": "dsit-llmlite-gateway-main-alb-sg",
              "Project": "dsit-aica-llmlite-gateway"
            },
            "tags_all": {
              "Component": "load-balancer",
              "Envirronment": "main",
              "Name": "dsit-llmlite-gateway-main-alb-sg",
              "Project": "dsit-aica-llmlite-gateway"
            },
            "timeouts": null,
            "vpc_id": "vpc-0b5fd89b4223abdc9"
          },
          "sensitive_attributes": [],
          "identity_schema_version": 0,
          "private": "eyJlMmJmYjczMC1lY2FhLTExZTYtOGY4OC0zNDM2M2JjN2M0YzAiOnsiY3JlYXRlIjo2MDAwMDAwMDAwMDAsImRlbGV0ZSI6OTAwMDAwMDAwMDAwfSwic2NoZW1hX3ZlcnNpb24iOiIxIn0="
        }
      ]
    },
    {
      "mode": "managed",
      "type": "aws_security_group",
      "name": "dsit-llmlite-gateway-main-fargate-sg",
      "provider": "provider[\"registry.terraform.io/hashicorp/aws\"]",
      "instances": [
        {
          "schema_version": 1,
          "attributes": {
            "arn": "arn:aws:ec2:eu-west-2:072136646002:security-group/sg-07a7dea82a134b0c8",
            "description": "Allows ALB to acess the Fargate Service",
            "egress": [
              {
                "cidr_blocks": [
                  "0.0.0.0/0"
                ],
                "description": "",
                "from_port": 443,
                "ipv6_cidr_blocks": [],
                "prefix_list_ids": [],
                "protocol": "tcp",
                "security_groups": [],
                "self": false,
                "to_port": 443
              },
              {
                "cidr_blocks": [],
                "description": "",
                "from_port": 5432,
                "ipv6_cidr_blocks": [],
                "prefix_list_ids": [],
                "protocol": "tcp",
                "security_groups": [
                  "sg-042eb3ca28cbe1b1a"
                ],
                "self": false,
                "to_port": 5432
              }
            ],
            "id": "sg-07a7dea82a134b0c8",
            "ingress": [
              {
                "cidr_blocks": [],
                "description": "",
                "from_port": 0,
                "ipv6_cidr_blocks": [],
                "prefix_list_ids": [],
                "protocol": "-1",
                "security_groups": [
                  "sg-0d57a68abe5cdaba4"
                ],
                "self": false,
                "to_port": 0
              }
            ],
            "name": "dsit-llmlite-gateway-main-fargate-sg",
            "name_prefix": "",
            "owner_id": "072136646002",
            "revoke_rules_on_delete": null,
            "tags": {
              "Name": "dsit-llmlite-gateway-main-fargate-sg"
            },
            "tags_all": {
              "Name": "dsit-llmlite-gateway-main-fargate-sg"
            },
            "timeouts": null,
            "vpc_id": "vpc-0b5fd89b4223abdc9"
          },
          "sensitive_attributes": [],
          "identity_schema_version": 0,
          "private": "eyJlMmJmYjczMC1lY2FhLTExZTYtOGY4OC0zNDM2M2JjN2M0YzAiOnsiY3JlYXRlIjo2MDAwMDAwMDAwMDAsImRlbGV0ZSI6OTAwMDAwMDAwMDAwfSwic2NoZW1hX3ZlcnNpb24iOiIxIn0="
        }
      ]
    },
    {
      "mode": "managed",
      "type": "aws_security_group",
      "name": "dsit-llmlite-gateway-main-rds-sg",
      "provider": "provider[\"registry.terraform.io/hashicorp/aws\"]",
      "instances": [
        {
          "schema_version": 1,
          "attributes": {
            "arn": "arn:aws:ec2:eu-west-2:072136646002:security-group/sg-042eb3ca28cbe1b1a",
            "description": "Allow access to LiteLLM PostgreSQL database",
            "egress": [
              {
                "cidr_blocks": [
                  "0.0.0.0/0"
                ],
                "description": "",
                "from_port": 0,
                "ipv6_cidr_blocks": [],
                "prefix_list_ids": [],
                "protocol": "tcp",
                "security_groups": [],
                "self": false,
                "to_port": 0
              }
            ],
            "id": "sg-042eb3ca28cbe1b1a",
            "ingress": [
              {
                "cidr_blocks": [],
                "description": "",
                "from_port": 5432,
                "ipv6_cidr_blocks": [],
                "prefix_list_ids": [],
                "protocol": "tcp",
                "security_groups": [
                  "sg-07a7dea82a134b0c8"
                ],
                "self": false,
                "to_port": 5432
              }
            ],
            "name": "dsit-llmlite-gateway-main-rds-sg",
            "name_prefix": "",
            "owner_id": "072136646002",
            "revoke_rules_on_delete": null,
            "tags": {
              "Name": "dsit-llmlite-gateway-main-rds-sg"
            },
            "tags_all": {
              "Name": "dsit-llmlite-gateway-main-rds-sg"
            },
            "timeouts": null,
            "vpc_id": "vpc-0b5fd89b4223abdc9"
          },
          "sensitive_attributes": [],
          "identity_schema_version": 0,
          "private": "eyJlMmJmYjczMC1lY2FhLTExZTYtOGY4OC0zNDM2M2JjN2M0YzAiOnsiY3JlYXRlIjo2MDAwMDAwMDAwMDAsImRlbGV0ZSI6OTAwMDAwMDAwMDAwfSwic2NoZW1hX3ZlcnNpb24iOiIxIn0="
        }
      ]
    },
    {
      "mode": "managed",
      "type": "aws_subnet",
      "name": "dsit-llmlite-gateway-main-database-eu-west-2a",
      "provider": "provider[\"registry.terraform.io/hashicorp/aws\"]",
      "instances": [
        {
          "schema_version": 1,
          "attributes": {
            "arn": "arn:aws:ec2:eu-west-2:072136646002:subnet/subnet-052358aaa1ec9d954",
            "assign_ipv6_address_on_creation": false,
            "availability_zone": "eu-west-2a",
            "availability_zone_id": "euw2-az2",
            "cidr_block": "10.1.4.0/24",
            "customer_owned_ipv4_pool": "",
            "enable_dns64": false,
            "enable_lni_at_device_index": 0,
            "enable_resource_name_dns_a_record_on_launch": false,
            "enable_resource_name_dns_aaaa_record_on_launch": false,
            "id": "subnet-052358aaa1ec9d954",
            "ipv6_cidr_block": "",
            "ipv6_cidr_block_association_id": "",
            "ipv6_native": false,
            "map_customer_owned_ip_on_launch": false,
            "map_public_ip_on_launch": false,
            "outpost_arn": "",
            "owner_id": "072136646002",
            "private_dns_hostname_type_on_launch": "ip-name",
            "tags": {
              "Name": "dsit-llmlite-gateway-main-database-eu-west-2a"
            },
            "tags_all": {
              "Name": "dsit-llmlite-gateway-main-database-eu-west-2a"
            },
            "timeouts": null,
            "vpc_id": "vpc-0b5fd89b4223abdc9"
          },
          "sensitive_attributes": [],
          "identity_schema_version": 0,
          "private": "eyJlMmJmYjczMC1lY2FhLTExZTYtOGY4OC0zNDM2M2JjN2M0YzAiOnsiY3JlYXRlIjo2MDAwMDAwMDAwMDAsImRlbGV0ZSI6MTIwMDAwMDAwMDAwMH0sInNjaGVtYV92ZXJzaW9uIjoiMSJ9"
        }
      ]
    },
    {
      "mode": "managed",
      "type": "aws_subnet",
      "name": "dsit-llmlite-gateway-main-database-eu-west-2b",
      "provider": "provider[\"registry.terraform.io/hashicorp/aws\"]",
      "instances": [
        {
          "schema_version": 1,
          "attributes": {
            "arn": "arn:aws:ec2:eu-west-2:072136646002:subnet/subnet-0c8c3706a833bcb6f",
            "assign_ipv6_address_on_creation": false,
            "availability_zone": "eu-west-2b",
            "availability_zone_id": "euw2-az3",
            "cidr_block": "10.1.5.0/24",
            "customer_owned_ipv4_pool": "",
            "enable_dns64": false,
            "enable_lni_at_device_index": 0,
            "enable_resource_name_dns_a_record_on_launch": false,
            "enable_resource_name_dns_aaaa_record_on_launch": false,
            "id": "subnet-0c8c3706a833bcb6f",
            "ipv6_cidr_block": "",
            "ipv6_cidr_block_association_id": "",
            "ipv6_native": false,
            "map_customer_owned_ip_on_launch": false,
            "map_public_ip_on_launch": false,
            "outpost_arn": "",
            "owner_id": "072136646002",
            "private_dns_hostname_type_on_launch": "ip-name",
            "tags": {
              "Name": "dsit-llmlite-gateway-main-database-eu-west-2b"
            },
            "tags_all": {
              "Name": "dsit-llmlite-gateway-main-database-eu-west-2b"
            },
            "timeouts": null,
            "vpc_id": "vpc-0b5fd89b4223abdc9"
          },
          "sensitive_attributes": [],
          "identity_schema_version": 0,
          "private": "eyJlMmJmYjczMC1lY2FhLTExZTYtOGY4OC0zNDM2M2JjN2M0YzAiOnsiY3JlYXRlIjo2MDAwMDAwMDAwMDAsImRlbGV0ZSI6MTIwMDAwMDAwMDAwMH0sInNjaGVtYV92ZXJzaW9uIjoiMSJ9"
        }
      ]
    },
    {
      "mode": "managed",
      "type": "aws_subnet",
      "name": "dsit-llmlite-gateway-main-private-eu-west-2a",
      "provider": "provider[\"registry.terraform.io/hashicorp/aws\"]",
      "instances": [
        {
          "schema_version": 1,
          "attributes": {
            "arn": "arn:aws:ec2:eu-west-2:072136646002:subnet/subnet-0e8e7db9f4c2f4619",
            "assign_ipv6_address_on_creation": false,
            "availability_zone": "eu-west-2a",
            "availability_zone_id": "euw2-az2",
            "cidr_block": "10.1.2.0/24",
            "customer_owned_ipv4_pool": "",
            "enable_dns64": false,
            "enable_lni_at_device_index": 0,
            "enable_resource_name_dns_a_record_on_launch": false,
            "enable_resource_name_dns_aaaa_record_on_launch": false,
            "id": "subnet-0e8e7db9f4c2f4619",
            "ipv6_cidr_block": "",
            "ipv6_cidr_block_association_id": "",
            "ipv6_native": false,
            "map_customer_owned_ip_on_launch": false,
            "map_public_ip_on_launch": false,
            "outpost_arn": "",
            "owner_id": "072136646002",
            "private_dns_hostname_type_on_launch": "ip-name",
            "tags": {
              "Name": "dsit-llmlite-gateway-main-private-eu-west-2a"
            },
            "tags_all": {
              "Name": "dsit-llmlite-gateway-main-private-eu-west-2a"
            },
            "timeouts": null,
            "vpc_id": "vpc-0b5fd89b4223abdc9"
          },
          "sensitive_attributes": [],
          "identity_schema_version": 0,
          "private": "eyJlMmJmYjczMC1lY2FhLTExZTYtOGY4OC0zNDM2M2JjN2M0YzAiOnsiY3JlYXRlIjo2MDAwMDAwMDAwMDAsImRlbGV0ZSI6MTIwMDAwMDAwMDAwMH0sInNjaGVtYV92ZXJzaW9uIjoiMSJ9"
        }
      ]
    },
    {
      "mode": "managed",
      "type": "aws_subnet",
      "name": "dsit-llmlite-gateway-main-private-eu-west-2b",
      "provider": "provider[\"registry.terraform.io/hashicorp/aws\"]",
      "instances": [
        {
          "schema_version": 1,
          "attributes": {
            "arn": "arn:aws:ec2:eu-west-2:072136646002:subnet/subnet-0b9b1a86f2bd6f921",
            "assign_ipv6_address_on_creation": false,
            "availability_zone": "eu-west-2b",
            "availability_zone_id": "euw2-az3",
            "cidr_block": "10.1.3.0/24",
            "customer_owned_ipv4_pool": "",
            "enable_dns64": false,
            "enable_lni_at_device_index": 0,
            "enable_resource_name_dns_a_record_on_launch": false,
            "enable_resource_name_dns_aaaa_record_on_launch": false,
            "id": "subnet-0b9b1a86f2bd6f921",
            "ipv6_cidr_block": "",
            "ipv6_cidr_block_association_id": "",
            "ipv6_native": false,
            "map_customer_owned_ip_on_launch": false,
            "map_public_ip_on_launch": false,
            "outpost_arn": "",
            "owner_id": "072136646002",
            "private_dns_hostname_type_on_launch": "ip-name",
            "tags": {
              "Name": "dsit-llmlite-gateway-main-private-eu-west-2b"
            },
            "tags_all": {
              "Name": "dsit-llmlite-gateway-main-private-eu-west-2b"
            },
            "timeouts": null,
            "vpc_id": "vpc-0b5fd89b4223abdc9"
          },
          "sensitive_attributes": [],
          "identity_schema_version": 0,
          "private": "eyJlMmJmYjczMC1lY2FhLTExZTYtOGY4OC0zNDM2M2JjN2M0YzAiOnsiY3JlYXRlIjo2MDAwMDAwMDAwMDAsImRlbGV0ZSI6MTIwMDAwMDAwMDAwMH0sInNjaGVtYV92ZXJzaW9uIjoiMSJ9"
        }
      ]
    },
    {
      "mode": "managed",
      "type": "aws_subnet",
      "name": "dsit-llmlite-gateway-main-public-eu-west-2a",
      "provider": "provider[\"registry.terraform.io/hashicorp/aws\"]",
      "instances": [
        {
          "schema_version": 1,
          "attributes": {
            "arn": "arn:aws:ec2:eu-west-2:072136646002:subnet/subnet-08ea423079f9d34de",
            "assign_ipv6_address_on_creation": false,
            "availability_zone": "eu-west-2a",
            "availability_zone_id": "euw2-az2",
            "cidr_block": "10.1.0.0/24",
            "customer_owned_ipv4_pool": "",
            "enable_dns64": false,
            "enable_lni_at_device_index": 0,
            "enable_resource_name_dns_a_record_on_launch": false,
            "enable_resource_name_dns_aaaa_record_on_launch": false,
            "id": "subnet-08ea423079f9d34de",
            "ipv6_cidr_block": "",
            "ipv6_cidr_block_association_id": "",
            "ipv6_native": false,
            "map_customer_owned_ip_on_launch": false,
            "map_public_ip_on_launch": true,
            "outpost_arn": "",
            "owner_id": "072136646002",
            "private_dns_hostname_type_on_launch": "ip-name",
            "tags": {
              "Name": "dsit-llmlite-gateway-main-public-eu-west-2a"
            },
            "tags_all": {
              "Name": "dsit-llmlite-gateway-main-public-eu-west-2a"
            },
            "timeouts": null,
            "vpc_id": "vpc-0b5fd89b4223abdc9"
          },
          "sensitive_attributes": [],
          "identity_schema_version": 0,
          "private": "eyJlMmJmYjczMC1lY2FhLTExZTYtOGY4OC0zNDM2M2JjN2M0YzAiOnsiY3JlYXRlIjo2MDAwMDAwMDAwMDAsImRlbGV0ZSI6MTIwMDAwMDAwMDAwMH0sInNjaGVtYV92ZXJzaW9uIjoiMSJ9"
        }
      ]
    },
    {
      "mode": "managed",
      "type": "aws_subnet",
      "name": "dsit-llmlite-gateway-main-public-eu-west-2b",
      "provider": "provider[\"registry.terraform.io/hashicorp/aws\"]",
      "instances": [
        {
          "schema_version": 1,
          "attributes": {
            "arn": "arn:aws:ec2:eu-west-2:072136646002:subnet/subnet-0310f584f58ff14b6",
            "assign_ipv6_address_on_creation": false,
            "availability_zone": "eu-west-2b",
            "availability_zone_id": "euw2-az3",
            "cidr_block": "10.1.1.0/24",
            "customer_owned_ipv4_pool": "",
            "enable_dns64": false,
            "enable_lni_at_device_index": 0,
            "enable_resource_name_dns_a_record_on_launch": false,
            "enable_resource_name_dns_aaaa_record_on_launch": false,
            "id": "subnet-0310f584f58ff14b6",
            "ipv6_cidr_block": "",
            "ipv6_cidr_block_association_id": "",
            "ipv6_native": false,
            "map_customer_owned_ip_on_launch": false,
            "map_public_ip_on_launch": true,
            "outpost_arn": "",
            "owner_id": "072136646002",
            "private_dns_hostname_type_on_launch": "ip-name",
            "tags": {
              "Name": "dsit-llmlite-gateway-main-public-eu-west-2b"
            },
            "tags_all": {
              "Name": "dsit-llmlite-gateway-main-public-eu-west-2b"
            },
            "timeouts": null,
            "vpc_id": "vpc-0b5fd89b4223abdc9"
          },
          "sensitive_attributes": [],
          "identity_schema_version": 0,
          "private": "eyJlMmJmYjczMC1lY2FhLTExZTYtOGY4OC0zNDM2M2JjN2M0YzAiOnsiY3JlYXRlIjo2MDAwMDAwMDAwMDAsImRlbGV0ZSI6MTIwMDAwMDAwMDAwMH0sInNjaGVtYV92ZXJzaW9uIjoiMSJ9"
        }
      ]
    },
    {
      "mode": "managed",
      "type": "aws_vpc",
      "name": "dsit-litellm-gateway-main",
      "provider": "provider[\"registry.terraform.io/hashicorp/aws\"]",
      "instances": [
        {
          "schema_version": 1,
          "attributes": {
            "arn": "arn:aws:ec2:eu-west-2:072136646002:vpc/vpc-0b5fd89b4223abdc9",
            "assign_generated_ipv6_cidr_block": false,
            "cidr_block": "10.1.0.0/20",
            "default_network_acl_id": "acl-044b7f7c47a552bbd",
            "default_route_table_id": "rtb-0b95cb5d7ddee8676",
            "default_security_group_id": "sg-032b5d79b1050a33e",
            "dhcp_options_id": "dopt-01d2f5f160d2fe61c",
            "enable_dns_hostnames": true,
            "enable_dns_support": true,
            "enable_network_address_usage_metrics": false,
            "id": "vpc-0b5fd89b4223abdc9",
            "instance_tenancy": "default",
            "ipv4_ipam_pool_id": null,
            "ipv4_netmask_length": null,
            "ipv6_association_id": "",
            "ipv6_cidr_block": "",
            "ipv6_cidr_block_network_border_group": "",
            "ipv6_ipam_pool_id": "",
            "ipv6_netmask_length": 0,
            "main_route_table_id": "rtb-0b95cb5d7ddee8676",
            "owner_id": "072136646002",
            "tags": {
              "Name": "dsit-litellm-gateway-main"
            },
            "tags_all": {
              "Name": "dsit-litellm-gateway-main"
            }
          },
          "sensitive_attributes": [],
          "identity_schema_version": 0,
          "private": "eyJzY2hlbWFfdmVyc2lvbiI6IjEifQ=="
        }
      ]
    }
  ],
  "check_results": null
}
